<?xml version="1.0" encoding="UTF-8" standalone="yes" ?>
<CodeBlocks_project_file>
	<FileVersion major="1" minor="6" />
	<Project>
		<Option title="mcBigPax" />
		<Option pch_mode="2" />
		<Option compiler="gcc" />
		<Build>
			<Target title="Release">
				<Option output="bin/Release/bigtool" prefix_auto="1" extension_auto="1" />
				<Option object_output="obj/Release/" />
				<Option type="1" />
				<Option compiler="gcc" />
				<Option parameters='&quot;G:\SteamLibrary\steamapps\common\DeadRising4\_Tools\mcBigPax\bin\Release\startup_dec&quot;' />
				<Compiler>
					<Add option="-O2" />
					<Add directory="../mcBigPax" />
				</Compiler>
				<Linker>
					<Add option="-s" />
				</Linker>
			</Target>
			<Target title="Debug">
				<Option output="bin/Debug/mcBigPax" prefix_auto="1" extension_auto="1" />
				<Option object_output="obj/Debug/" />
				<Option type="1" />
				<Option compiler="gcc" />
				<Compiler>
					<Add option="-g" />
					<Add directory="../mcBigPax" />
				</Compiler>
			</Target>
		</Build>
		<Compiler>
			<Add option="-Wall" />
			<Add option="-fexceptions" />
			<Add directory="zlibcomplete/lib" />
			<Add directory="zlib/include" />
			<Add directory="audio_clips" />
			<Add directory="OpenGL_Image_Library" />
			<Add directory="OpenGL_Image_Library/glm" />
			<Add directory="glew/include" />
			<Add directory="glew/src" />
			<Add directory="DEVIL/include" />
		</Compiler>
		<Linker>
			<Add option="-static-libstdc++" />
			<Add option="-static-libgcc" />
			<Add option="-lzlibcomplete" />
			<Add option="-lz" />
			<Add option="-lshlwapi" />
			<Add option="-lwinmm" />
			<Add option="-lcomdlg32" />
			<Add option="-lole32" />
			<Add directory="zlibcomplete/lib" />
			<Add directory="zlib/lib" />
			<Add directory="glew/lib/Release/Win32" />
			<Add directory="DEVIL/lib/x86" />
		</Linker>
		<Unit filename="DEVIL/include/IL/devil_cpp_wrapper.hpp" />
		<Unit filename="DEVIL/include/IL/devil_internal_exports.h" />
		<Unit filename="DEVIL/include/IL/il.h" />
		<Unit filename="DEVIL/include/IL/il_wrap.h" />
		<Unit filename="DEVIL/include/IL/ilu.h" />
		<Unit filename="DEVIL/include/IL/ilu_region.h" />
		<Unit filename="DEVIL/include/IL/ilut.h" />
		<Unit filename="DEVIL/include/IL/ilut_config.h" />
		<Unit filename="audio_clips/audio_biting_chip.h" />
		<Unit filename="audio_clips/audio_damn_batteries_dead.h" />
		<Unit filename="audio_clips/audio_ive_covered_wars_u_know.h" />
		<Unit filename="audio_clips/audio_just_dont_stand_there.h" />
		<Unit filename="audio_clips/audio_right_on.h" />
		<Unit filename="audio_clips/audio_theres_a_party.h" />
		<Unit filename="audio_clips/audio_time_to_go.h" />
		<Unit filename="audio_clips/audio_yaa_now_were_talkin.h" />
		<Unit filename="icon.rc">
			<Option compilerVar="WINDRES" />
		</Unit>
		<Unit filename="img_dds.h" />
		<Unit filename="main.cpp" />
		<Unit filename="resource.h" />
		<Extensions>
			<code_completion />
			<envvars />
			<debugger />
			<lib_finder disable_auto="1" />
		</Extensions>
	</Project>
</CodeBlocks_project_file>
